// !$*UTF8*$!
{
	archiveVersion = 1;
	classes = {
	};
	objectVersion = 56;
	objects = {

/* Begin PBXBuildFile section */
		96153FFF2BBEB5DC003695AC /* AppDelegate.swift in Sources */ = {isa = PBXBuildFile; fileRef = 96153FFE2BBEB5DC003695AC /* AppDelegate.swift */; };
		961540012BBEB5DC003695AC /* SceneDelegate.swift in Sources */ = {isa = PBXBuildFile; fileRef = 961540002BBEB5DC003695AC /* SceneDelegate.swift */; };
		961540032BBEB5DC003695AC /* ViewController.swift in Sources */ = {isa = PBXBuildFile; fileRef = 961540022BBEB5DC003695AC /* ViewController.swift */; };
		961540062BBEB5DC003695AC /* Main.storyboard in Resources */ = {isa = PBXBuildFile; fileRef = 961540042BBEB5DC003695AC /* Main.storyboard */; };
		961540082BBEB5DD003695AC /* Assets.xcassets in Resources */ = {isa = PBXBuildFile; fileRef = 961540072BBEB5DD003695AC /* Assets.xcassets */; };
		9615400B2BBEB5DD003695AC /* LaunchScreen.storyboard in Resources */ = {isa = PBXBuildFile; fileRef = 961540092BBEB5DD003695AC /* LaunchScreen.storyboard */; };
		961540132BBEB61A003695AC /* UnityEmbedded.swift in Sources */ = {isa = PBXBuildFile; fileRef = 961540122BBEB61A003695AC /* UnityEmbedded.swift */; };
		966761A72BBEB9BA00206401 /* UnityFramework.framework in Frameworks */ = {isa = PBXBuildFile; fileRef = 966761A62BBEB97000206401 /* UnityFramework.framework */; };
		966761A82BBEB9BA00206401 /* UnityFramework.framework in Embed Frameworks */ = {isa = PBXBuildFile; fileRef = 966761A62BBEB97000206401 /* UnityFramework.framework */; settings = {ATTRIBUTES = (CodeSignOnCopy, RemoveHeadersOnCopy, ); }; };
		966761AD2BBEBA8700206401 /* Localizable.strings in Resources */ = {isa = PBXBuildFile; fileRef = 966761AF2BBEBA8700206401 /* Localizable.strings */; };
		966761B02BBEBA8C00206401 /* InfoPlist.strings in Resources */ = {isa = PBXBuildFile; fileRef = 966761B22BBEBA8C00206401 /* InfoPlist.strings */; };
		AE7ABB3267A55E423BB5C8A3 /* Pods_TestAR.framework in Frameworks */ = {isa = PBXBuildFile; fileRef = E71CA5BA9BE85A5777D3F792 /* Pods_TestAR.framework */; };
/* End PBXBuildFile section */

/* Begin PBXContainerItemProxy section */
		966761A12BBEB97000206401 /* PBXContainerItemProxy */ = {
			isa = PBXContainerItemProxy;
			containerPortal = 9667619B2BBEB97000206401 /* Unity-iPhone.xcodeproj */;
			proxyType = 2;
			remoteGlobalIDString = 1D6058910D05DD3D006BFB54;
			remoteInfo = "Unity-iPhone";
		};
		966761A32BBEB97000206401 /* PBXContainerItemProxy */ = {
			isa = PBXContainerItemProxy;
			containerPortal = 9667619B2BBEB97000206401 /* Unity-iPhone.xcodeproj */;
			proxyType = 2;
			remoteGlobalIDString = 5623C57317FDCB0800090B9E;
			remoteInfo = "Unity-iPhone Tests";
		};
		966761A52BBEB97000206401 /* PBXContainerItemProxy */ = {
			isa = PBXContainerItemProxy;
			containerPortal = 9667619B2BBEB97000206401 /* Unity-iPhone.xcodeproj */;
			proxyType = 2;
			remoteGlobalIDString = 9D25AB9D213FB47800354C27;
			remoteInfo = UnityFramework;
		};
/* End PBXContainerItemProxy section */

/* Begin PBXCopyFilesBuildPhase section */
		96675CCA2BBEB84D00206401 /* Embed Frameworks */ = {
			isa = PBXCopyFilesBuildPhase;
			buildActionMask = 2147483647;
			dstPath = "";
			dstSubfolderSpec = 10;
			files = (
				966761A82BBEB9BA00206401 /* UnityFramework.framework in Embed Frameworks */,
			);
			name = "Embed Frameworks";
			runOnlyForDeploymentPostprocessing = 0;
		};
/* End PBXCopyFilesBuildPhase section */

/* Begin PBXFileReference section */
		4362357D0074B1C85E6B80A5 /* Pods-TestAR.debug.xcconfig */ = {isa = PBXFileReference; includeInIndex = 1; lastKnownFileType = text.xcconfig; name = "Pods-TestAR.debug.xcconfig"; path = "Target Support Files/Pods-TestAR/Pods-TestAR.debug.xcconfig"; sourceTree = "<group>"; };
		8FD99B4290EAFD1E388B410D /* Pods-TestAR.release.xcconfig */ = {isa = PBXFileReference; includeInIndex = 1; lastKnownFileType = text.xcconfig; name = "Pods-TestAR.release.xcconfig"; path = "Target Support Files/Pods-TestAR/Pods-TestAR.release.xcconfig"; sourceTree = "<group>"; };
		96153FFB2BBEB5DC003695AC /* TestAR.app */ = {isa = PBXFileReference; explicitFileType = wrapper.application; includeInIndex = 0; path = TestAR.app; sourceTree = BUILT_PRODUCTS_DIR; };
		96153FFE2BBEB5DC003695AC /* AppDelegate.swift */ = {isa = PBXFileReference; lastKnownFileType = sourcecode.swift; path = AppDelegate.swift; sourceTree = "<group>"; };
		961540002BBEB5DC003695AC /* SceneDelegate.swift */ = {isa = PBXFileReference; lastKnownFileType = sourcecode.swift; path = SceneDelegate.swift; sourceTree = "<group>"; };
		961540022BBEB5DC003695AC /* ViewController.swift */ = {isa = PBXFileReference; lastKnownFileType = sourcecode.swift; path = ViewController.swift; sourceTree = "<group>"; };
		961540052BBEB5DC003695AC /* Base */ = {isa = PBXFileReference; lastKnownFileType = file.storyboard; name = Base; path = Base.lproj/Main.storyboard; sourceTree = "<group>"; };
		961540072BBEB5DD003695AC /* Assets.xcassets */ = {isa = PBXFileReference; lastKnownFileType = folder.assetcatalog; path = Assets.xcassets; sourceTree = "<group>"; };
		9615400A2BBEB5DD003695AC /* Base */ = {isa = PBXFileReference; lastKnownFileType = file.storyboard; name = Base; path = Base.lproj/LaunchScreen.storyboard; sourceTree = "<group>"; };
		9615400C2BBEB5DD003695AC /* Info.plist */ = {isa = PBXFileReference; lastKnownFileType = text.plist.xml; path = Info.plist; sourceTree = "<group>"; };
		961540122BBEB61A003695AC /* UnityEmbedded.swift */ = {isa = PBXFileReference; lastKnownFileType = sourcecode.swift; path = UnityEmbedded.swift; sourceTree = "<group>"; };
		96675CB42BBEB76200206401 /* TestAR-Bridging-Header.h */ = {isa = PBXFileReference; lastKnownFileType = sourcecode.c.h; path = "TestAR-Bridging-Header.h"; sourceTree = "<group>"; };
		9667619B2BBEB97000206401 /* Unity-iPhone.xcodeproj */ = {isa = PBXFileReference; lastKnownFileType = "wrapper.pb-project"; name = "Unity-iPhone.xcodeproj"; path = "../Sen-Trip/iosBuild/Unity-iPhone.xcodeproj"; sourceTree = "<group>"; };
		966761AE2BBEBA8700206401 /* en */ = {isa = PBXFileReference; lastKnownFileType = text.plist.strings; name = en; path = en.lproj/Localizable.strings; sourceTree = "<group>"; };
		966761B12BBEBA8C00206401 /* en */ = {isa = PBXFileReference; lastKnownFileType = text.plist.strings; name = en; path = en.lproj/InfoPlist.strings; sourceTree = "<group>"; };
		966761C72BBEC59F00206401 /* vi */ = {isa = PBXFileReference; lastKnownFileType = text.plist.strings; name = vi; path = vi.lproj/Localizable.strings; sourceTree = "<group>"; };
		966761C82BBEC59F00206401 /* vi */ = {isa = PBXFileReference; lastKnownFileType = text.plist.strings; name = vi; path = vi.lproj/InfoPlist.strings; sourceTree = "<group>"; };
		E71CA5BA9BE85A5777D3F792 /* Pods_TestAR.framework */ = {isa = PBXFileReference; explicitFileType = wrapper.framework; includeInIndex = 0; path = Pods_TestAR.framework; sourceTree = BUILT_PRODUCTS_DIR; };
/* End PBXFileReference section */

/* Begin PBXFrameworksBuildPhase section */
		96153FF82BBEB5DC003695AC /* Frameworks */ = {
			isa = PBXFrameworksBuildPhase;
			buildActionMask = 2147483647;
			files = (
				AE7ABB3267A55E423BB5C8A3 /* Pods_TestAR.framework in Frameworks */,
				966761A72BBEB9BA00206401 /* UnityFramework.framework in Frameworks */,
			);
			runOnlyForDeploymentPostprocessing = 0;
		};
/* End PBXFrameworksBuildPhase section */

/* Begin PBXGroup section */
		3A09E9277EC5431A5E006052 /* Frameworks */ = {
			isa = PBXGroup;
			children = (
				E71CA5BA9BE85A5777D3F792 /* Pods_TestAR.framework */,
			);
			name = Frameworks;
			sourceTree = "<group>";
		};
		439DFB68A18B1EDF15EC95D1 /* Pods */ = {
			isa = PBXGroup;
			children = (
				4362357D0074B1C85E6B80A5 /* Pods-TestAR.debug.xcconfig */,
				8FD99B4290EAFD1E388B410D /* Pods-TestAR.release.xcconfig */,
			);
			path = Pods;
			sourceTree = "<group>";
		};
		96153FF22BBEB5DC003695AC = {
			isa = PBXGroup;
			children = (
				9667619B2BBEB97000206401 /* Unity-iPhone.xcodeproj */,
				96153FFD2BBEB5DC003695AC /* TestAR */,
				96153FFC2BBEB5DC003695AC /* Products */,
				439DFB68A18B1EDF15EC95D1 /* Pods */,
				3A09E9277EC5431A5E006052 /* Frameworks */,
			);
			sourceTree = "<group>";
		};
		96153FFC2BBEB5DC003695AC /* Products */ = {
			isa = PBXGroup;
			children = (
				96153FFB2BBEB5DC003695AC /* TestAR.app */,
			);
			name = Products;
			sourceTree = "<group>";
		};
		96153FFD2BBEB5DC003695AC /* TestAR */ = {
			isa = PBXGroup;
			children = (
				96153FFE2BBEB5DC003695AC /* AppDelegate.swift */,
				961540002BBEB5DC003695AC /* SceneDelegate.swift */,
				961540022BBEB5DC003695AC /* ViewController.swift */,
				961540122BBEB61A003695AC /* UnityEmbedded.swift */,
				961540042BBEB5DC003695AC /* Main.storyboard */,
				961540072BBEB5DD003695AC /* Assets.xcassets */,
				961540092BBEB5DD003695AC /* LaunchScreen.storyboard */,
				9615400C2BBEB5DD003695AC /* Info.plist */,
				96675CB42BBEB76200206401 /* TestAR-Bridging-Header.h */,
				966761AF2BBEBA8700206401 /* Localizable.strings */,
				966761B22BBEBA8C00206401 /* InfoPlist.strings */,
			);
			path = TestAR;
			sourceTree = "<group>";
		};
		9667619C2BBEB97000206401 /* Products */ = {
			isa = PBXGroup;
			children = (
				966761A22BBEB97000206401 /* smarttravel.app */,
				966761A42BBEB97000206401 /* Unity-iPhone Tests.xctest */,
				966761A62BBEB97000206401 /* UnityFramework.framework */,
			);
			name = Products;
			sourceTree = "<group>";
		};
/* End PBXGroup section */

/* Begin PBXNativeTarget section */
		96153FFA2BBEB5DC003695AC /* TestAR */ = {
			isa = PBXNativeTarget;
			buildConfigurationList = 9615400F2BBEB5DD003695AC /* Build configuration list for PBXNativeTarget "TestAR" */;
			buildPhases = (
				F280286C5E0E2A0478EA134E /* [CP] Check Pods Manifest.lock */,
				96153FF72BBEB5DC003695AC /* Sources */,
				96153FF82BBEB5DC003695AC /* Frameworks */,
				96153FF92BBEB5DC003695AC /* Resources */,
				96675CCA2BBEB84D00206401 /* Embed Frameworks */,
			);
			buildRules = (
			);
			dependencies = (
			);
			name = TestAR;
			productName = TestAR;
			productReference = 96153FFB2BBEB5DC003695AC /* TestAR.app */;
			productType = "com.apple.product-type.application";
		};
/* End PBXNativeTarget section */

/* Begin PBXProject section */
		96153FF32BBEB5DC003695AC /* Project object */ = {
			isa = PBXProject;
			attributes = {
				BuildIndependentTargetsInParallel = 1;
				LastSwiftUpdateCheck = 1430;
				LastUpgradeCheck = 1430;
				TargetAttributes = {
					96153FFA2BBEB5DC003695AC = {
						CreatedOnToolsVersion = 14.3;
						LastSwiftMigration = 1520;
					};
				};
			};
			buildConfigurationList = 96153FF62BBEB5DC003695AC /* Build configuration list for PBXProject "TestAR" */;
			compatibilityVersion = "Xcode 14.0";
			developmentRegion = en;
			hasScannedForEncodings = 0;
			knownRegions = (
				en,
				Base,
				vi,
			);
			mainGroup = 96153FF22BBEB5DC003695AC;
			productRefGroup = 96153FFC2BBEB5DC003695AC /* Products */;
			projectDirPath = "";
			projectReferences = (
				{
					ProductGroup = 9667619C2BBEB97000206401 /* Products */;
					ProjectRef = 9667619B2BBEB97000206401 /* Unity-iPhone.xcodeproj */;
				},
			);
			projectRoot = "";
			targets = (
				96153FFA2BBEB5DC003695AC /* TestAR */,
			);
		};
/* End PBXProject section */

/* Begin PBXReferenceProxy section */
		966761A22BBEB97000206401 /* smarttravel.app */ = {
			isa = PBXReferenceProxy;
			fileType = wrapper.application;
			path = smarttravel.app;
			remoteRef = 966761A12BBEB97000206401 /* PBXContainerItemProxy */;
			sourceTree = BUILT_PRODUCTS_DIR;
		};
		966761A42BBEB97000206401 /* Unity-iPhone Tests.xctest */ = {
			isa = PBXReferenceProxy;
			fileType = wrapper.cfbundle;
			path = "Unity-iPhone Tests.xctest";
			remoteRef = 966761A32BBEB97000206401 /* PBXContainerItemProxy */;
			sourceTree = BUILT_PRODUCTS_DIR;
		};
		966761A62BBEB97000206401 /* UnityFramework.framework */ = {
			isa = PBXReferenceProxy;
			fileType = wrapper.framework;
			path = UnityFramework.framework;
			remoteRef = 966761A52BBEB97000206401 /* PBXContainerItemProxy */;
			sourceTree = BUILT_PRODUCTS_DIR;
		};
/* End PBXReferenceProxy section */

/* Begin PBXResourcesBuildPhase section */
		96153FF92BBEB5DC003695AC /* Resources */ = {
			isa = PBXResourcesBuildPhase;
			buildActionMask = 2147483647;
			files = (
				9615400B2BBEB5DD003695AC /* LaunchScreen.storyboard in Resources */,
				966761AD2BBEBA8700206401 /* Localizable.strings in Resources */,
				961540082BBEB5DD003695AC /* Assets.xcassets in Resources */,
				961540062BBEB5DC003695AC /* Main.storyboard in Resources */,
				966761B02BBEBA8C00206401 /* InfoPlist.strings in Resources */,
			);
			runOnlyForDeploymentPostprocessing = 0;
		};
/* End PBXResourcesBuildPhase section */

/* Begin PBXShellScriptBuildPhase section */
		F280286C5E0E2A0478EA134E /* [CP] Check Pods Manifest.lock */ = {
			isa = PBXShellScriptBuildPhase;
			buildActionMask = 2147483647;
			files = (
			);
			inputFileListPaths = (
			);
			inputPaths = (
				"${PODS_PODFILE_DIR_PATH}/Podfile.lock",
				"${PODS_ROOT}/Manifest.lock",
			);
			name = "[CP] Check Pods Manifest.lock";
			outputFileListPaths = (
			);
			outputPaths = (
				"$(DERIVED_FILE_DIR)/Pods-TestAR-checkManifestLockResult.txt",
			);
			runOnlyForDeploymentPostprocessing = 0;
			shellPath = /bin/sh;
			shellScript = "diff \"${PODS_PODFILE_DIR_PATH}/Podfile.lock\" \"${PODS_ROOT}/Manifest.lock\" > /dev/null\nif [ $? != 0 ] ; then\n    # print error to STDERR\n    echo \"error: The sandbox is not in sync with the Podfile.lock. Run 'pod install' or update your CocoaPods installation.\" >&2\n    exit 1\nfi\n# This output is used by Xcode 'outputs' to avoid re-running this script phase.\necho \"SUCCESS\" > \"${SCRIPT_OUTPUT_FILE_0}\"\n";
			showEnvVarsInLog = 0;
		};
/* End PBXShellScriptBuildPhase section */

/* Begin PBXSourcesBuildPhase section */
		96153FF72BBEB5DC003695AC /* Sources */ = {
			isa = PBXSourcesBuildPhase;
			buildActionMask = 2147483647;
			files = (
				961540032BBEB5DC003695AC /* ViewController.swift in Sources */,
				961540132BBEB61A003695AC /* UnityEmbedded.swift in Sources */,
				96153FFF2BBEB5DC003695AC /* AppDelegate.swift in Sources */,
				961540012BBEB5DC003695AC /* SceneDelegate.swift in Sources */,
			);
			runOnlyForDeploymentPostprocessing = 0;
		};
/* End PBXSourcesBuildPhase section */

/* Begin PBXVariantGroup section */
		961540042BBEB5DC003695AC /* Main.storyboard */ = {
			isa = PBXVariantGroup;
			children = (
				961540052BBEB5DC003695AC /* Base */,
			);
			name = Main.storyboard;
			sourceTree = "<group>";
		};
		961540092BBEB5DD003695AC /* LaunchScreen.storyboard */ = {
			isa = PBXVariantGroup;
			children = (
				9615400A2BBEB5DD003695AC /* Base */,
			);
			name = LaunchScreen.storyboard;
			sourceTree = "<group>";
		};
		966761AF2BBEBA8700206401 /* Localizable.strings */ = {
			isa = PBXVariantGroup;
			children = (
				966761AE2BBEBA8700206401 /* en */,
				966761C72BBEC59F00206401 /* vi */,
			);
			name = Localizable.strings;
			sourceTree = "<group>";
		};
		966761B22BBEBA8C00206401 /* InfoPlist.strings */ = {
			isa = PBXVariantGroup;
			children = (
				966761B12BBEBA8C00206401 /* en */,
				966761C82BBEC59F00206401 /* vi */,
			);
			name = InfoPlist.strings;
			sourceTree = "<group>";
		};
/* End PBXVariantGroup section */

/* Begin XCBuildConfiguration section */
		9615400D2BBEB5DD003695AC /* Debug */ = {
			isa = XCBuildConfiguration;
			buildSettings = {
				ALWAYS_SEARCH_USER_PATHS = NO;
				CLANG_ANALYZER_LOCALIZABILITY_NONLOCALIZED = YES;
				CLANG_ANALYZER_NONNULL = YES;
				CLANG_ANALYZER_NUMBER_OBJECT_CONVERSION = YES_AGGRESSIVE;
				CLANG_CXX_LANGUAGE_STANDARD = "gnu++20";
				CLANG_ENABLE_MODULES = YES;
				CLANG_ENABLE_OBJC_ARC = YES;
				CLANG_ENABLE_OBJC_WEAK = YES;
				CLANG_WARN_BLOCK_CAPTURE_AUTORELEASING = YES;
				CLANG_WARN_BOOL_CONVERSION = YES;
				CLANG_WARN_COMMA = YES;
				CLANG_WARN_CONSTANT_CONVERSION = YES;
				CLANG_WARN_DEPRECATED_OBJC_IMPLEMENTATIONS = YES;
				CLANG_WARN_DIRECT_OBJC_ISA_USAGE = YES_ERROR;
				CLANG_WARN_DOCUMENTATION_COMMENTS = YES;
				CLANG_WARN_EMPTY_BODY = YES;
				CLANG_WARN_ENUM_CONVERSION = YES;
				CLANG_WARN_INFINITE_RECURSION = YES;
				CLANG_WARN_INT_CONVERSION = YES;
				CLANG_WARN_NON_LITERAL_NULL_CONVERSION = YES;
				CLANG_WARN_OBJC_IMPLICIT_RETAIN_SELF = YES;
				CLANG_WARN_OBJC_LITERAL_CONVERSION = YES;
				CLANG_WARN_OBJC_ROOT_CLASS = YES_ERROR;
				CLANG_WARN_QUOTED_INCLUDE_IN_FRAMEWORK_HEADER = YES;
				CLANG_WARN_RANGE_LOOP_ANALYSIS = YES;
				CLANG_WARN_STRICT_PROTOTYPES = YES;
				CLANG_WARN_SUSPICIOUS_MOVE = YES;
				CLANG_WARN_UNGUARDED_AVAILABILITY = YES_AGGRESSIVE;
				CLANG_WARN_UNREACHABLE_CODE = YES;
				CLANG_WARN__DUPLICATE_METHOD_MATCH = YES;
				COPY_PHASE_STRIP = NO;
				DEBUG_INFORMATION_FORMAT = dwarf;
				ENABLE_STRICT_OBJC_MSGSEND = YES;
				ENABLE_TESTABILITY = YES;
				GCC_C_LANGUAGE_STANDARD = gnu11;
				GCC_DYNAMIC_NO_PIC = NO;
				GCC_NO_COMMON_BLOCKS = YES;
				GCC_OPTIMIZATION_LEVEL = 0;
				GCC_PREPROCESSOR_DEFINITIONS = (
					"DEBUG=1",
					"$(inherited)",
				);
				GCC_WARN_64_TO_32_BIT_CONVERSION = YES;
				GCC_WARN_ABOUT_RETURN_TYPE = YES_ERROR;
				GCC_WARN_UNDECLARED_SELECTOR = YES;
				GCC_WARN_UNINITIALIZED_AUTOS = YES_AGGRESSIVE;
				GCC_WARN_UNUSED_FUNCTION = YES;
				GCC_WARN_UNUSED_VARIABLE = YES;
				IPHONEOS_DEPLOYMENT_TARGET = 14.0;
				MTL_ENABLE_DEBUG_INFO = INCLUDE_SOURCE;
				MTL_FAST_MATH = YES;
				ONLY_ACTIVE_ARCH = YES;
				SDKROOT = iphoneos;
				SWIFT_ACTIVE_COMPILATION_CONDITIONS = DEBUG;
				SWIFT_OPTIMIZATION_LEVEL = "-Onone";
			};
			name = Debug;
		};
		9615400E2BBEB5DD003695AC /* Release */ = {
			isa = XCBuildConfiguration;
			buildSettings = {
				ALWAYS_SEARCH_USER_PATHS = NO;
				CLANG_ANALYZER_LOCALIZABILITY_NONLOCALIZED = YES;
				CLANG_ANALYZER_NONNULL = YES;
				CLANG_ANALYZER_NUMBER_OBJECT_CONVERSION = YES_AGGRESSIVE;
				CLANG_CXX_LANGUAGE_STANDARD = "gnu++20";
				CLANG_ENABLE_MODULES = YES;
				CLANG_ENABLE_OBJC_ARC = YES;
				CLANG_ENABLE_OBJC_WEAK = YES;
				CLANG_WARN_BLOCK_CAPTURE_AUTORELEASING = YES;
				CLANG_WARN_BOOL_CONVERSION = YES;
				CLANG_WARN_COMMA = YES;
				CLANG_WARN_CONSTANT_CONVERSION = YES;
				CLANG_WARN_DEPRECATED_OBJC_IMPLEMENTATIONS = YES;
				CLANG_WARN_DIRECT_OBJC_ISA_USAGE = YES_ERROR;
				CLANG_WARN_DOCUMENTATION_COMMENTS = YES;
				CLANG_WARN_EMPTY_BODY = YES;
				CLANG_WARN_ENUM_CONVERSION = YES;
				CLANG_WARN_INFINITE_RECURSION = YES;
				CLANG_WARN_INT_CONVERSION = YES;
				CLANG_WARN_NON_LITERAL_NULL_CONVERSION = YES;
				CLANG_WARN_OBJC_IMPLICIT_RETAIN_SELF = YES;
				CLANG_WARN_OBJC_LITERAL_CONVERSION = YES;
				CLANG_WARN_OBJC_ROOT_CLASS = YES_ERROR;
				CLANG_WARN_QUOTED_INCLUDE_IN_FRAMEWORK_HEADER = YES;
				CLANG_WARN_RANGE_LOOP_ANALYSIS = YES;
				CLANG_WARN_STRICT_PROTOTYPES = YES;
				CLANG_WARN_SUSPICIOUS_MOVE = YES;
				CLANG_WARN_UNGUARDED_AVAILABILITY = YES_AGGRESSIVE;
				CLANG_WARN_UNREACHABLE_CODE = YES;
				CLANG_WARN__DUPLICATE_METHOD_MATCH = YES;
				COPY_PHASE_STRIP = NO;
				DEBUG_INFORMATION_FORMAT = "dwarf-with-dsym";
				ENABLE_NS_ASSERTIONS = NO;
				ENABLE_STRICT_OBJC_MSGSEND = YES;
				GCC_C_LANGUAGE_STANDARD = gnu11;
				GCC_NO_COMMON_BLOCKS = YES;
				GCC_WARN_64_TO_32_BIT_CONVERSION = YES;
				GCC_WARN_ABOUT_RETURN_TYPE = YES_ERROR;
				GCC_WARN_UNDECLARED_SELECTOR = YES;
				GCC_WARN_UNINITIALIZED_AUTOS = YES_AGGRESSIVE;
				GCC_WARN_UNUSED_FUNCTION = YES;
				GCC_WARN_UNUSED_VARIABLE = YES;
				IPHONEOS_DEPLOYMENT_TARGET = 14.0;
				MTL_ENABLE_DEBUG_INFO = NO;
				MTL_FAST_MATH = YES;
				SDKROOT = iphoneos;
				SWIFT_COMPILATION_MODE = wholemodule;
				SWIFT_OPTIMIZATION_LEVEL = "-O";
				VALIDATE_PRODUCT = YES;
			};
			name = Release;
		};
		961540102BBEB5DD003695AC /* Debug */ = {
			isa = XCBuildConfiguration;
			baseConfigurationReference = 4362357D0074B1C85E6B80A5 /* Pods-TestAR.debug.xcconfig */;
			buildSettings = {
				ASSETCATALOG_COMPILER_APPICON_NAME = AppIcon;
				ASSETCATALOG_COMPILER_GLOBAL_ACCENT_COLOR_NAME = AccentColor;
				CLANG_ENABLE_MODULES = YES;
				CODE_SIGN_STYLE = Automatic;
				CURRENT_PROJECT_VERSION = 1;
				DEVELOPMENT_TEAM = 55T58WTSHF;
				GENERATE_INFOPLIST_FILE = YES;
				INFOPLIST_FILE = TestAR/Info.plist;
				INFOPLIST_KEY_UIApplicationSupportsIndirectInputEvents = YES;
				INFOPLIST_KEY_UILaunchStoryboardName = LaunchScreen;
				INFOPLIST_KEY_UIMainStoryboardFile = Main;
				INFOPLIST_KEY_UISupportedInterfaceOrientations_iPad = "UIInterfaceOrientationPortrait UIInterfaceOrientationPortraitUpsideDown UIInterfaceOrientationLandscapeLeft UIInterfaceOrientationLandscapeRight";
				INFOPLIST_KEY_UISupportedInterfaceOrientations_iPhone = "UIInterfaceOrientationPortrait UIInterfaceOrientationLandscapeLeft UIInterfaceOrientationLandscapeRight";
				IPHONEOS_DEPLOYMENT_TARGET = 14.0;
				LD_RUNPATH_SEARCH_PATHS = (
					"$(inherited)",
					"@executable_path/Frameworks",
				);
				MARKETING_VERSION = 1.0;
				PRODUCT_BUNDLE_IDENTIFIER = vn.mobifone.smarttravel;
				PRODUCT_NAME = "$(TARGET_NAME)";
				SWIFT_EMIT_LOC_STRINGS = YES;
				SWIFT_OBJC_BRIDGING_HEADER = "TestAR/TestAR-Bridging-Header.h";
				SWIFT_OPTIMIZATION_LEVEL = "-Onone";
				SWIFT_VERSION = 5.0;
				TARGETED_DEVICE_FAMILY = "1,2";
			};
			name = Debug;
		};
		961540112BBEB5DD003695AC /* Release */ = {
			isa = XCBuildConfiguration;
			baseConfigurationReference = 8FD99B4290EAFD1E388B410D /* Pods-TestAR.release.xcconfig */;
			buildSettings = {
				ASSETCATALOG_COMPILER_APPICON_NAME = AppIcon;
				ASSETCATALOG_COMPILER_GLOBAL_ACCENT_COLOR_NAME = AccentColor;
				CLANG_ENABLE_MODULES = YES;
				CODE_SIGN_STYLE = Automatic;
				CURRENT_PROJECT_VERSION = 1;
				DEVELOPMENT_TEAM = 55T58WTSHF;
				GENERATE_INFOPLIST_FILE = YES;
				INFOPLIST_FILE = TestAR/Info.plist;
				INFOPLIST_KEY_UIApplicationSupportsIndirectInputEvents = YES;
				INFOPLIST_KEY_UILaunchStoryboardName = LaunchScreen;
				INFOPLIST_KEY_UIMainStoryboardFile = Main;
				INFOPLIST_KEY_UISupportedInterfaceOrientations_iPad = "UIInterfaceOrientationPortrait UIInterfaceOrientationPortraitUpsideDown UIInterfaceOrientationLandscapeLeft UIInterfaceOrientationLandscapeRight";
				INFOPLIST_KEY_UISupportedInterfaceOrientations_iPhone = "UIInterfaceOrientationPortrait UIInterfaceOrientationLandscapeLeft UIInterfaceOrientationLandscapeRight";
				IPHONEOS_DEPLOYMENT_TARGET = 14.0;
				LD_RUNPATH_SEARCH_PATHS = (
					"$(inherited)",
					"@executable_path/Frameworks",
				);
				MARKETING_VERSION = 1.0;
				PRODUCT_BUNDLE_IDENTIFIER = vn.mobifone.smarttravel;
				PRODUCT_NAME = "$(TARGET_NAME)";
				SWIFT_EMIT_LOC_STRINGS = YES;
				SWIFT_OBJC_BRIDGING_HEADER = "TestAR/TestAR-Bridging-Header.h";
				SWIFT_VERSION = 5.0;
				TARGETED_DEVICE_FAMILY = "1,2";
			};
			name = Release;
		};
/* End XCBuildConfiguration section */

/* Begin XCConfigurationList section */
		96153FF62BBEB5DC003695AC /* Build configuration list for PBXProject "TestAR" */ = {
			isa = XCConfigurationList;
			buildConfigurations = (
				9615400D2BBEB5DD003695AC /* Debug */,
				9615400E2BBEB5DD003695AC /* Release */,
			);
			defaultConfigurationIsVisible = 0;
			defaultConfigurationName = Release;
		};
		9615400F2BBEB5DD003695AC /* Build configuration list for PBXNativeTarget "TestAR" */ = {
			isa = XCConfigurationList;
			buildConfigurations = (
				961540102BBEB5DD003695AC /* Debug */,
				961540112BBEB5DD003695AC /* Release */,
			);
			defaultConfigurationIsVisible = 0;
			defaultConfigurationName = Release;
		};
/* End XCConfigurationList section */
	};
	rootObject = 96153FF32BBEB5DC003695AC /* Project object */;
}
